{
  "name": "@cleo/ngx-json-schema-form-validation",
  "version": "2.1.3",
  "lockfileVersion": 1,
  "requires": true,
  "dependencies": {
    "@cleo/ngx-json-schema-form": {
      "version": "2.1.2",
      "resolved": "https://registry.npmjs.org/@cleo/ngx-json-schema-form/-/ngx-json-schema-form-2.1.2.tgz",
      "integrity": "sha512-Fejjy9KpVFjDI7+Az20MeDoWG6LrUjOdVxZIG/weA7pBy7cBfkS/VO7oT5Yn38LBC0SHeM6PDn+y/5I89HG2+w=="
    }
  }
}
